
Microsoft Visual Studio Solution File, Format Version 12.00
# Visual Studio Version 17
VisualStudioVersion = 17.1.32319.34
MinimumVisualStudioVersion = 10.0.40219.1
Project("{FAE04EC0-301F-11D3-BF4B-00C04F79EFBC}") = "homework_8.6", "homework_8.6\homework_8.6.csproj", "{17CFF371-1EE7-4D4A-8DA7-72B6D20F1817}"
EndProject
Global
	GlobalSection(SolutionConfigurationPlatforms) = preSolution
		Debug|Any CPU = Debug|Any CPU
		Release|Any CPU = Release|Any CPU
	EndGlobalSection
	GlobalSection(ProjectConfigurationPlatforms) = postSolution
		{17CFF371-1EE7-4D4A-8DA7-72B6D20F1817}.Debug|Any CPU.ActiveCfg = Debug|Any CPU
		{17CFF371-1EE7-4D4A-8DA7-72B6D20F1817}.Debug|Any CPU.Build.0 = Debug|Any CPU
		{17CFF371-1EE7-4D4A-8DA7-72B6D20F1817}.Release|Any CPU.ActiveCfg = Release|Any CPU
		{17CFF371-1EE7-4D4A-8DA7-72B6D20F1817}.Release|Any CPU.Build.0 = Release|Any CPU
	EndGlobalSection
	GlobalSection(SolutionProperties) = preSolution
		HideSolutionNode = FALSE
	EndGlobalSection
	GlobalSection(ExtensibilityGlobals) = postSolution
		SolutionGuid = {96DD0AEA-AFF7-490B-8540-3F67B48D2E43}
	EndGlobalSection
EndGlobal
