
Microsoft Visual Studio Solution File, Format Version 12.00
# Visual Studio Version 16
VisualStudioVersion = 16.0.32002.261
MinimumVisualStudioVersion = 10.0.40219.1
Project("{FAE04EC0-301F-11D3-BF4B-00C04F79EFBC}") = "homework_5.5", "homework_5.5.csproj", "{A38714A3-B19A-4BCE-A8A5-84B63D4A9710}"
EndProject
Global
	GlobalSection(SolutionConfigurationPlatforms) = preSolution
		Debug|Any CPU = Debug|Any CPU
		Release|Any CPU = Release|Any CPU
	EndGlobalSection
	GlobalSection(ProjectConfigurationPlatforms) = postSolution
		{A38714A3-B19A-4BCE-A8A5-84B63D4A9710}.Debug|Any CPU.ActiveCfg = Debug|Any CPU
		{A38714A3-B19A-4BCE-A8A5-84B63D4A9710}.Debug|Any CPU.Build.0 = Debug|Any CPU
		{A38714A3-B19A-4BCE-A8A5-84B63D4A9710}.Release|Any CPU.ActiveCfg = Release|Any CPU
		{A38714A3-B19A-4BCE-A8A5-84B63D4A9710}.Release|Any CPU.Build.0 = Release|Any CPU
	EndGlobalSection
	GlobalSection(SolutionProperties) = preSolution
		HideSolutionNode = FALSE
	EndGlobalSection
	GlobalSection(ExtensibilityGlobals) = postSolution
		SolutionGuid = {ADA06477-BA47-47B6-BDA4-E5646592CFD4}
	EndGlobalSection
EndGlobal
